
Microsoft Visual Studio Solution File, Format Version 12.00
# Visual Studio Version 16
VisualStudioVersion = 16.0.31321.278
MinimumVisualStudioVersion = 10.0.40219.1
Project("{FAE04EC0-301F-11D3-BF4B-00C04F79EFBC}") = "AtmMachine", "AtmMachine\AtmMachine.csproj", "{2E76943D-D135-4E41-B702-6EEF08A818AE}"
EndProject
Global
	GlobalSection(SolutionConfigurationPlatforms) = preSolution
		Debug|Any CPU = Debug|Any CPU
		Release|Any CPU = Release|Any CPU
	EndGlobalSection
	GlobalSection(ProjectConfigurationPlatforms) = postSolution
		{2E76943D-D135-4E41-B702-6EEF08A818AE}.Debug|Any CPU.ActiveCfg = Debug|Any CPU
		{2E76943D-D135-4E41-B702-6EEF08A818AE}.Debug|Any CPU.Build.0 = Debug|Any CPU
		{2E76943D-D135-4E41-B702-6EEF08A818AE}.Release|Any CPU.ActiveCfg = Release|Any CPU
		{2E76943D-D135-4E41-B702-6EEF08A818AE}.Release|Any CPU.Build.0 = Release|Any CPU
	EndGlobalSection
	GlobalSection(SolutionProperties) = preSolution
		HideSolutionNode = FALSE
	EndGlobalSection
	GlobalSection(ExtensibilityGlobals) = postSolution
		SolutionGuid = {3F19ECDC-8F62-4EEC-BD2E-B07147552BA9}
	EndGlobalSection
EndGlobal
