
Microsoft Visual Studio Solution File, Format Version 12.00
# Visual Studio Version 16
VisualStudioVersion = 16.0.31313.79
MinimumVisualStudioVersion = 10.0.40219.1
Project("{FAE04EC0-301F-11D3-BF4B-00C04F79EFBC}") = "HttpClientConsoleApp", "HttpClientConsoleApp\HttpClientConsoleApp.csproj", "{ADD2871D-0569-46F0-982D-61FE5A987A13}"
EndProject
Global
	GlobalSection(SolutionConfigurationPlatforms) = preSolution
		Debug|Any CPU = Debug|Any CPU
		Release|Any CPU = Release|Any CPU
	EndGlobalSection
	GlobalSection(ProjectConfigurationPlatforms) = postSolution
		{ADD2871D-0569-46F0-982D-61FE5A987A13}.Debug|Any CPU.ActiveCfg = Debug|Any CPU
		{ADD2871D-0569-46F0-982D-61FE5A987A13}.Debug|Any CPU.Build.0 = Debug|Any CPU
		{ADD2871D-0569-46F0-982D-61FE5A987A13}.Release|Any CPU.ActiveCfg = Release|Any CPU
		{ADD2871D-0569-46F0-982D-61FE5A987A13}.Release|Any CPU.Build.0 = Release|Any CPU
	EndGlobalSection
	GlobalSection(SolutionProperties) = preSolution
		HideSolutionNode = FALSE
	EndGlobalSection
	GlobalSection(ExtensibilityGlobals) = postSolution
		SolutionGuid = {8ED99CCC-5592-464E-8A32-4B1AED47E531}
	EndGlobalSection
EndGlobal
