
Microsoft Visual Studio Solution File, Format Version 12.00
# Visual Studio Version 16
VisualStudioVersion = 16.0.31321.278
MinimumVisualStudioVersion = 10.0.40219.1
Project("{FAE04EC0-301F-11D3-BF4B-00C04F79EFBC}") = "WarehouseApplication", "WarehouseApplication\WarehouseApplication.csproj", "{F71E8A20-0DF1-44E2-A128-E21DB7E1CAAB}"
EndProject
Global
	GlobalSection(SolutionConfigurationPlatforms) = preSolution
		Debug|Any CPU = Debug|Any CPU
		Release|Any CPU = Release|Any CPU
	EndGlobalSection
	GlobalSection(ProjectConfigurationPlatforms) = postSolution
		{F71E8A20-0DF1-44E2-A128-E21DB7E1CAAB}.Debug|Any CPU.ActiveCfg = Debug|Any CPU
		{F71E8A20-0DF1-44E2-A128-E21DB7E1CAAB}.Debug|Any CPU.Build.0 = Debug|Any CPU
		{F71E8A20-0DF1-44E2-A128-E21DB7E1CAAB}.Release|Any CPU.ActiveCfg = Release|Any CPU
		{F71E8A20-0DF1-44E2-A128-E21DB7E1CAAB}.Release|Any CPU.Build.0 = Release|Any CPU
	EndGlobalSection
	GlobalSection(SolutionProperties) = preSolution
		HideSolutionNode = FALSE
	EndGlobalSection
	GlobalSection(ExtensibilityGlobals) = postSolution
		SolutionGuid = {09001F7A-A802-4377-95AF-7EA291E9EA06}
	EndGlobalSection
EndGlobal
