
Microsoft Visual Studio Solution File, Format Version 12.00
# Visual Studio Version 16
VisualStudioVersion = 16.0.31313.79
MinimumVisualStudioVersion = 10.0.40219.1
Project("{FAE04EC0-301F-11D3-BF4B-00C04F79EFBC}") = "EmployeeSalaryCalculator", "EmployeeSalaryCalculator\EmployeeSalaryCalculator.csproj", "{CD2EF9BE-C7C6-4D28-8AC8-298A90B7D700}"
EndProject
Global
	GlobalSection(SolutionConfigurationPlatforms) = preSolution
		Debug|Any CPU = Debug|Any CPU
		Release|Any CPU = Release|Any CPU
	EndGlobalSection
	GlobalSection(ProjectConfigurationPlatforms) = postSolution
		{CD2EF9BE-C7C6-4D28-8AC8-298A90B7D700}.Debug|Any CPU.ActiveCfg = Debug|Any CPU
		{CD2EF9BE-C7C6-4D28-8AC8-298A90B7D700}.Debug|Any CPU.Build.0 = Debug|Any CPU
		{CD2EF9BE-C7C6-4D28-8AC8-298A90B7D700}.Release|Any CPU.ActiveCfg = Release|Any CPU
		{CD2EF9BE-C7C6-4D28-8AC8-298A90B7D700}.Release|Any CPU.Build.0 = Release|Any CPU
	EndGlobalSection
	GlobalSection(SolutionProperties) = preSolution
		HideSolutionNode = FALSE
	EndGlobalSection
	GlobalSection(ExtensibilityGlobals) = postSolution
		SolutionGuid = {4BA590E7-75F5-491D-9DC7-F370A79F1945}
	EndGlobalSection
EndGlobal
